
Microsoft Visual Studio Solution File, Format Version 12.00
Project("{FAE04EC0-301F-11D3-BF4B-00C04F79EFBC}") = "Wardrobe.BBualdo", "Wardrobe.BBualdo.csproj", "{1A65B878-8DE4-4292-B30D-47D9304170FF}"
EndProject
Global
	GlobalSection(SolutionConfigurationPlatforms) = preSolution
		Debug|Any CPU = Debug|Any CPU
		Release|Any CPU = Release|Any CPU
	EndGlobalSection
	GlobalSection(ProjectConfigurationPlatforms) = postSolution
		{1A65B878-8DE4-4292-B30D-47D9304170FF}.Debug|Any CPU.ActiveCfg = Debug|Any CPU
		{1A65B878-8DE4-4292-B30D-47D9304170FF}.Debug|Any CPU.Build.0 = Debug|Any CPU
		{1A65B878-8DE4-4292-B30D-47D9304170FF}.Release|Any CPU.ActiveCfg = Release|Any CPU
		{1A65B878-8DE4-4292-B30D-47D9304170FF}.Release|Any CPU.Build.0 = Release|Any CPU
	EndGlobalSection
EndGlobal
